
Microsoft Visual Studio Solution File, Format Version 12.00
# Visual Studio Version 17
VisualStudioVersion = 17.8.34511.84
MinimumVisualStudioVersion = 10.0.40219.1
Project("{2150E333-8FDC-42A3-9474-1A3956D46DE8}") = "src", "src", "{ED19DCF6-3F0F-4D45-8CE5-2FB0C14845A6}"
EndProject
Project("{2150E333-8FDC-42A3-9474-1A3956D46DE8}") = "Core", "Core", "{83B30E59-688E-444F-B47E-8C9C48CA9FFC}"
EndProject
Project("{2150E333-8FDC-42A3-9474-1A3956D46DE8}") = "Framework", "Framework", "{85C2D99E-698D-4C99-A06C-474458F83C6A}"
EndProject
Project("{9A19103F-16F7-4668-BE54-9A1E7A4F7556}") = "BTL.EndPoint.API", "src\BTL.EndPoint.API\BTL.EndPoint.API.csproj", "{38790822-C46D-4F5A-B713-32B252C3F85C}"
EndProject
Project("{9A19103F-16F7-4668-BE54-9A1E7A4F7556}") = "BTL.Domain", "src\Core\BTL.Domain\BTL.Domain.csproj", "{B16451CE-9362-4F36-B7B8-53BC7CE8DE75}"
EndProject
Project("{9A19103F-16F7-4668-BE54-9A1E7A4F7556}") = "BTL.Application", "src\Core\BTL.Application\BTL.Application.csproj", "{BBBC23AA-5824-47A4-8748-839BDF2EF2B9}"
EndProject
Project("{9A19103F-16F7-4668-BE54-9A1E7A4F7556}") = "Framework.Application", "src\Framework\Framework.Application\Framework.Application.csproj", "{B2001705-DCAF-4E78-A503-7B1A969AEAE7}"
EndProject
Project("{9A19103F-16F7-4668-BE54-9A1E7A4F7556}") = "Framework.Domain", "src\Framework\Framework.Domain\Framework.Domain.csproj", "{24782DF7-F36A-4529-A6F5-F6802F170006}"
EndProject
Project("{9A19103F-16F7-4668-BE54-9A1E7A4F7556}") = "Framework.Core", "src\Framework\Framework.Core\Framework.Core.csproj", "{EA0BDF71-CEB3-4753-8AF5-55B000FE435D}"
EndProject
Project("{9A19103F-16F7-4668-BE54-9A1E7A4F7556}") = "BTL.Application.Contract", "src\Core\BTL.Application.Contract\BTL.Application.Contract.csproj", "{C457AB1F-A814-406B-A3DC-5F758C067F5B}"
EndProject
Project("{9A19103F-16F7-4668-BE54-9A1E7A4F7556}") = "Framework.IdGen", "src\Framework\Framework.IdGen\Framework.IdGen.csproj", "{9390D738-19C4-4199-AE43-1A2CA1268E0F}"
EndProject
Project("{9A19103F-16F7-4668-BE54-9A1E7A4F7556}") = "Framework.Persistence", "src\Framework\Framework.Persistence\Framework.Persistence.csproj", "{7649C914-5058-49DB-BE92-BF582412B546}"
EndProject
Project("{2150E333-8FDC-42A3-9474-1A3956D46DE8}") = "Inferastructure", "Inferastructure", "{35A4B0B7-9545-4E2C-AAF0-1807C5CACC6F}"
EndProject
Project("{2150E333-8FDC-42A3-9474-1A3956D46DE8}") = "Persistences", "Persistences", "{349B3CB1-0D7D-4508-B753-5C9441F5779E}"
EndProject
Project("{2150E333-8FDC-42A3-9474-1A3956D46DE8}") = "ACLs", "ACLs", "{1036FAA1-6C3C-4013-AC55-C36049051BB6}"
EndProject
Project("{2150E333-8FDC-42A3-9474-1A3956D46DE8}") = "Queries", "Queries", "{1DFE8D4D-3ECC-49E5-BDD4-F23A6841F36A}"
EndProject
Project("{9A19103F-16F7-4668-BE54-9A1E7A4F7556}") = "BTL.Persistence.EF", "src\Inferastructure\BTL.Persistence.EF\BTL.Persistence.EF.csproj", "{054392A1-6370-49BA-B28A-B3F7E441E0A8}"
EndProject
Project("{FAE04EC0-301F-11D3-BF4B-00C04F79EFBC}") = "Query.DataModel", "src\Inferastructure\Queries\Query.DataModel\Query.DataModel.csproj", "{6A3C2964-DAB2-48EF-9A74-67D6A9FA1938}"
EndProject
Project("{FAE04EC0-301F-11D3-BF4B-00C04F79EFBC}") = "Query.Retrieval", "src\Inferastructure\Queries\Query.Retrieval\Query.Retrieval.csproj", "{5E8E1AB7-F2CD-4ABC-80E3-A71065F9EDB6}"
EndProject
Global
	GlobalSection(SolutionConfigurationPlatforms) = preSolution
		Debug|Any CPU = Debug|Any CPU
		Release|Any CPU = Release|Any CPU
	EndGlobalSection
	GlobalSection(ProjectConfigurationPlatforms) = postSolution
		{38790822-C46D-4F5A-B713-32B252C3F85C}.Debug|Any CPU.ActiveCfg = Debug|Any CPU
		{38790822-C46D-4F5A-B713-32B252C3F85C}.Debug|Any CPU.Build.0 = Debug|Any CPU
		{38790822-C46D-4F5A-B713-32B252C3F85C}.Release|Any CPU.ActiveCfg = Release|Any CPU
		{38790822-C46D-4F5A-B713-32B252C3F85C}.Release|Any CPU.Build.0 = Release|Any CPU
		{B16451CE-9362-4F36-B7B8-53BC7CE8DE75}.Debug|Any CPU.ActiveCfg = Debug|Any CPU
		{B16451CE-9362-4F36-B7B8-53BC7CE8DE75}.Debug|Any CPU.Build.0 = Debug|Any CPU
		{B16451CE-9362-4F36-B7B8-53BC7CE8DE75}.Release|Any CPU.ActiveCfg = Release|Any CPU
		{B16451CE-9362-4F36-B7B8-53BC7CE8DE75}.Release|Any CPU.Build.0 = Release|Any CPU
		{BBBC23AA-5824-47A4-8748-839BDF2EF2B9}.Debug|Any CPU.ActiveCfg = Debug|Any CPU
		{BBBC23AA-5824-47A4-8748-839BDF2EF2B9}.Debug|Any CPU.Build.0 = Debug|Any CPU
		{BBBC23AA-5824-47A4-8748-839BDF2EF2B9}.Release|Any CPU.ActiveCfg = Release|Any CPU
		{BBBC23AA-5824-47A4-8748-839BDF2EF2B9}.Release|Any CPU.Build.0 = Release|Any CPU
		{B2001705-DCAF-4E78-A503-7B1A969AEAE7}.Debug|Any CPU.ActiveCfg = Debug|Any CPU
		{B2001705-DCAF-4E78-A503-7B1A969AEAE7}.Debug|Any CPU.Build.0 = Debug|Any CPU
		{B2001705-DCAF-4E78-A503-7B1A969AEAE7}.Release|Any CPU.ActiveCfg = Release|Any CPU
		{B2001705-DCAF-4E78-A503-7B1A969AEAE7}.Release|Any CPU.Build.0 = Release|Any CPU
		{24782DF7-F36A-4529-A6F5-F6802F170006}.Debug|Any CPU.ActiveCfg = Debug|Any CPU
		{24782DF7-F36A-4529-A6F5-F6802F170006}.Debug|Any CPU.Build.0 = Debug|Any CPU
		{24782DF7-F36A-4529-A6F5-F6802F170006}.Release|Any CPU.ActiveCfg = Release|Any CPU
		{24782DF7-F36A-4529-A6F5-F6802F170006}.Release|Any CPU.Build.0 = Release|Any CPU
		{EA0BDF71-CEB3-4753-8AF5-55B000FE435D}.Debug|Any CPU.ActiveCfg = Debug|Any CPU
		{EA0BDF71-CEB3-4753-8AF5-55B000FE435D}.Debug|Any CPU.Build.0 = Debug|Any CPU
		{EA0BDF71-CEB3-4753-8AF5-55B000FE435D}.Release|Any CPU.ActiveCfg = Release|Any CPU
		{EA0BDF71-CEB3-4753-8AF5-55B000FE435D}.Release|Any CPU.Build.0 = Release|Any CPU
		{C457AB1F-A814-406B-A3DC-5F758C067F5B}.Debug|Any CPU.ActiveCfg = Debug|Any CPU
		{C457AB1F-A814-406B-A3DC-5F758C067F5B}.Debug|Any CPU.Build.0 = Debug|Any CPU
		{C457AB1F-A814-406B-A3DC-5F758C067F5B}.Release|Any CPU.ActiveCfg = Release|Any CPU
		{C457AB1F-A814-406B-A3DC-5F758C067F5B}.Release|Any CPU.Build.0 = Release|Any CPU
		{9390D738-19C4-4199-AE43-1A2CA1268E0F}.Debug|Any CPU.ActiveCfg = Debug|Any CPU
		{9390D738-19C4-4199-AE43-1A2CA1268E0F}.Debug|Any CPU.Build.0 = Debug|Any CPU
		{9390D738-19C4-4199-AE43-1A2CA1268E0F}.Release|Any CPU.ActiveCfg = Release|Any CPU
		{9390D738-19C4-4199-AE43-1A2CA1268E0F}.Release|Any CPU.Build.0 = Release|Any CPU
		{7649C914-5058-49DB-BE92-BF582412B546}.Debug|Any CPU.ActiveCfg = Debug|Any CPU
		{7649C914-5058-49DB-BE92-BF582412B546}.Debug|Any CPU.Build.0 = Debug|Any CPU
		{7649C914-5058-49DB-BE92-BF582412B546}.Release|Any CPU.ActiveCfg = Release|Any CPU
		{7649C914-5058-49DB-BE92-BF582412B546}.Release|Any CPU.Build.0 = Release|Any CPU
		{054392A1-6370-49BA-B28A-B3F7E441E0A8}.Debug|Any CPU.ActiveCfg = Debug|Any CPU
		{054392A1-6370-49BA-B28A-B3F7E441E0A8}.Debug|Any CPU.Build.0 = Debug|Any CPU
		{054392A1-6370-49BA-B28A-B3F7E441E0A8}.Release|Any CPU.ActiveCfg = Release|Any CPU
		{054392A1-6370-49BA-B28A-B3F7E441E0A8}.Release|Any CPU.Build.0 = Release|Any CPU
		{6A3C2964-DAB2-48EF-9A74-67D6A9FA1938}.Debug|Any CPU.ActiveCfg = Debug|Any CPU
		{6A3C2964-DAB2-48EF-9A74-67D6A9FA1938}.Debug|Any CPU.Build.0 = Debug|Any CPU
		{6A3C2964-DAB2-48EF-9A74-67D6A9FA1938}.Release|Any CPU.ActiveCfg = Release|Any CPU
		{6A3C2964-DAB2-48EF-9A74-67D6A9FA1938}.Release|Any CPU.Build.0 = Release|Any CPU
		{5E8E1AB7-F2CD-4ABC-80E3-A71065F9EDB6}.Debug|Any CPU.ActiveCfg = Debug|Any CPU
		{5E8E1AB7-F2CD-4ABC-80E3-A71065F9EDB6}.Debug|Any CPU.Build.0 = Debug|Any CPU
		{5E8E1AB7-F2CD-4ABC-80E3-A71065F9EDB6}.Release|Any CPU.ActiveCfg = Release|Any CPU
		{5E8E1AB7-F2CD-4ABC-80E3-A71065F9EDB6}.Release|Any CPU.Build.0 = Release|Any CPU
	EndGlobalSection
	GlobalSection(SolutionProperties) = preSolution
		HideSolutionNode = FALSE
	EndGlobalSection
	GlobalSection(NestedProjects) = preSolution
		{83B30E59-688E-444F-B47E-8C9C48CA9FFC} = {ED19DCF6-3F0F-4D45-8CE5-2FB0C14845A6}
		{85C2D99E-698D-4C99-A06C-474458F83C6A} = {ED19DCF6-3F0F-4D45-8CE5-2FB0C14845A6}
		{38790822-C46D-4F5A-B713-32B252C3F85C} = {ED19DCF6-3F0F-4D45-8CE5-2FB0C14845A6}
		{B16451CE-9362-4F36-B7B8-53BC7CE8DE75} = {83B30E59-688E-444F-B47E-8C9C48CA9FFC}
		{BBBC23AA-5824-47A4-8748-839BDF2EF2B9} = {83B30E59-688E-444F-B47E-8C9C48CA9FFC}
		{B2001705-DCAF-4E78-A503-7B1A969AEAE7} = {85C2D99E-698D-4C99-A06C-474458F83C6A}
		{24782DF7-F36A-4529-A6F5-F6802F170006} = {85C2D99E-698D-4C99-A06C-474458F83C6A}
		{EA0BDF71-CEB3-4753-8AF5-55B000FE435D} = {85C2D99E-698D-4C99-A06C-474458F83C6A}
		{C457AB1F-A814-406B-A3DC-5F758C067F5B} = {83B30E59-688E-444F-B47E-8C9C48CA9FFC}
		{9390D738-19C4-4199-AE43-1A2CA1268E0F} = {85C2D99E-698D-4C99-A06C-474458F83C6A}
		{7649C914-5058-49DB-BE92-BF582412B546} = {85C2D99E-698D-4C99-A06C-474458F83C6A}
		{35A4B0B7-9545-4E2C-AAF0-1807C5CACC6F} = {ED19DCF6-3F0F-4D45-8CE5-2FB0C14845A6}
		{349B3CB1-0D7D-4508-B753-5C9441F5779E} = {35A4B0B7-9545-4E2C-AAF0-1807C5CACC6F}
		{1036FAA1-6C3C-4013-AC55-C36049051BB6} = {35A4B0B7-9545-4E2C-AAF0-1807C5CACC6F}
		{1DFE8D4D-3ECC-49E5-BDD4-F23A6841F36A} = {35A4B0B7-9545-4E2C-AAF0-1807C5CACC6F}
		{054392A1-6370-49BA-B28A-B3F7E441E0A8} = {349B3CB1-0D7D-4508-B753-5C9441F5779E}
		{6A3C2964-DAB2-48EF-9A74-67D6A9FA1938} = {1DFE8D4D-3ECC-49E5-BDD4-F23A6841F36A}
		{5E8E1AB7-F2CD-4ABC-80E3-A71065F9EDB6} = {1DFE8D4D-3ECC-49E5-BDD4-F23A6841F36A}
	EndGlobalSection
	GlobalSection(ExtensibilityGlobals) = postSolution
		SolutionGuid = {8BF830A6-3F93-4A95-9341-4095D4B145A5}
	EndGlobalSection
EndGlobal
